
Microsoft Visual Studio Solution File, Format Version 12.00
# Visual Studio Version 16
VisualStudioVersion = 16.0.29001.49
MinimumVisualStudioVersion = 10.0.40219.1
Project("{FAE04EC0-301F-11D3-BF4B-00C04F79EFBC}") = "GraniteHouse", "GraniteHouse\GraniteHouse.csproj", "{2958E089-3517-421F-91BA-F4A1D9434F7F}"
EndProject
Global
	GlobalSection(SolutionConfigurationPlatforms) = preSolution
		Debug|Any CPU = Debug|Any CPU
		Release|Any CPU = Release|Any CPU
	EndGlobalSection
	GlobalSection(ProjectConfigurationPlatforms) = postSolution
		{2958E089-3517-421F-91BA-F4A1D9434F7F}.Debug|Any CPU.ActiveCfg = Debug|Any CPU
		{2958E089-3517-421F-91BA-F4A1D9434F7F}.Debug|Any CPU.Build.0 = Debug|Any CPU
		{2958E089-3517-421F-91BA-F4A1D9434F7F}.Release|Any CPU.ActiveCfg = Release|Any CPU
		{2958E089-3517-421F-91BA-F4A1D9434F7F}.Release|Any CPU.Build.0 = Release|Any CPU
	EndGlobalSection
	GlobalSection(SolutionProperties) = preSolution
		HideSolutionNode = FALSE
	EndGlobalSection
	GlobalSection(ExtensibilityGlobals) = postSolution
		SolutionGuid = {956D5E7B-418D-4907-B922-AB9A69FADC47}
	EndGlobalSection
EndGlobal
